
Microsoft Visual Studio Solution File, Format Version 12.00
# Visual Studio Version 17
VisualStudioVersion = 17.10.35013.160
MinimumVisualStudioVersion = 10.0.40219.1
Project("{FAE04EC0-301F-11D3-BF4B-00C04F79EFBC}") = "Padrao_Criacao", "Padrao_Criacao\Padrao_Criacao.csproj", "{D1CA7D5E-A147-4AEF-9FD4-57F387A4E78D}"
EndProject
Global
	GlobalSection(SolutionConfigurationPlatforms) = preSolution
		Debug|Any CPU = Debug|Any CPU
		Release|Any CPU = Release|Any CPU
	EndGlobalSection
	GlobalSection(ProjectConfigurationPlatforms) = postSolution
		{D1CA7D5E-A147-4AEF-9FD4-57F387A4E78D}.Debug|Any CPU.ActiveCfg = Debug|Any CPU
		{D1CA7D5E-A147-4AEF-9FD4-57F387A4E78D}.Debug|Any CPU.Build.0 = Debug|Any CPU
		{D1CA7D5E-A147-4AEF-9FD4-57F387A4E78D}.Release|Any CPU.ActiveCfg = Release|Any CPU
		{D1CA7D5E-A147-4AEF-9FD4-57F387A4E78D}.Release|Any CPU.Build.0 = Release|Any CPU
	EndGlobalSection
	GlobalSection(SolutionProperties) = preSolution
		HideSolutionNode = FALSE
	EndGlobalSection
	GlobalSection(ExtensibilityGlobals) = postSolution
		SolutionGuid = {44DBBB63-FA72-4DEB-8CB4-EBD43FC71C7F}
	EndGlobalSection
EndGlobal
